
Microsoft Visual Studio Solution File, Format Version 12.00
# Visual Studio Version 17
VisualStudioVersion = 17.5.33530.505
MinimumVisualStudioVersion = 10.0.40219.1
Project("{FAE04EC0-301F-11D3-BF4B-00C04F79EFBC}") = "RazorPagesMovie", "RazorPagesMovie.csproj", "{F4A748BF-0925-472A-8D1F-B92A7D8A68BC}"
EndProject
Global
	GlobalSection(SolutionConfigurationPlatforms) = preSolution
		Debug|Any CPU = Debug|Any CPU
		Release|Any CPU = Release|Any CPU
	EndGlobalSection
	GlobalSection(ProjectConfigurationPlatforms) = postSolution
		{F4A748BF-0925-472A-8D1F-B92A7D8A68BC}.Debug|Any CPU.ActiveCfg = Debug|Any CPU
		{F4A748BF-0925-472A-8D1F-B92A7D8A68BC}.Debug|Any CPU.Build.0 = Debug|Any CPU
		{F4A748BF-0925-472A-8D1F-B92A7D8A68BC}.Release|Any CPU.ActiveCfg = Release|Any CPU
		{F4A748BF-0925-472A-8D1F-B92A7D8A68BC}.Release|Any CPU.Build.0 = Release|Any CPU
	EndGlobalSection
	GlobalSection(SolutionProperties) = preSolution
		HideSolutionNode = FALSE
	EndGlobalSection
	GlobalSection(ExtensibilityGlobals) = postSolution
		SolutionGuid = {868F8009-5983-415D-ABAD-9F9EE6F2A424}
	EndGlobalSection
EndGlobal
